
Microsoft Visual Studio Solution File, Format Version 12.00
# Visual Studio Version 16
VisualStudioVersion = 16.0.29424.173
MinimumVisualStudioVersion = 10.0.40219.1
Project("{FAE04EC0-301F-11D3-BF4B-00C04F79EFBC}") = "EventHubConsumer", "EventHubConsumer\EventHubConsumer.csproj", "{3B57E2B1-09CF-46C1-8EAB-424991614DA8}"
EndProject
Global
	GlobalSection(SolutionConfigurationPlatforms) = preSolution
		Debug|Any CPU = Debug|Any CPU
		Release|Any CPU = Release|Any CPU
	EndGlobalSection
	GlobalSection(ProjectConfigurationPlatforms) = postSolution
		{3B57E2B1-09CF-46C1-8EAB-424991614DA8}.Debug|Any CPU.ActiveCfg = Debug|Any CPU
		{3B57E2B1-09CF-46C1-8EAB-424991614DA8}.Debug|Any CPU.Build.0 = Debug|Any CPU
		{3B57E2B1-09CF-46C1-8EAB-424991614DA8}.Release|Any CPU.ActiveCfg = Release|Any CPU
		{3B57E2B1-09CF-46C1-8EAB-424991614DA8}.Release|Any CPU.Build.0 = Release|Any CPU
	EndGlobalSection
	GlobalSection(SolutionProperties) = preSolution
		HideSolutionNode = FALSE
	EndGlobalSection
	GlobalSection(ExtensibilityGlobals) = postSolution
		SolutionGuid = {90315A06-6BE9-412B-9FA1-D068A699582B}
	EndGlobalSection
EndGlobal
